
Microsoft Visual Studio Solution File, Format Version 12.00
# Visual Studio Version 16
VisualStudioVersion = 16.0.31515.178
MinimumVisualStudioVersion = 10.0.40219.1
Project("{FAE04EC0-301F-11D3-BF4B-00C04F79EFBC}") = "GameStoreApi.Hosting", "GameStoreApi.Hosting\GameStoreApi.Hosting.csproj", "{97C93B0D-8129-4B2E-95E4-196A4879C7D5}"
EndProject
Global
	GlobalSection(SolutionConfigurationPlatforms) = preSolution
		Debug|Any CPU = Debug|Any CPU
		Release|Any CPU = Release|Any CPU
	EndGlobalSection
	GlobalSection(ProjectConfigurationPlatforms) = postSolution
		{97C93B0D-8129-4B2E-95E4-196A4879C7D5}.Debug|Any CPU.ActiveCfg = Debug|Any CPU
		{97C93B0D-8129-4B2E-95E4-196A4879C7D5}.Debug|Any CPU.Build.0 = Debug|Any CPU
		{97C93B0D-8129-4B2E-95E4-196A4879C7D5}.Release|Any CPU.ActiveCfg = Release|Any CPU
		{97C93B0D-8129-4B2E-95E4-196A4879C7D5}.Release|Any CPU.Build.0 = Release|Any CPU
	EndGlobalSection
	GlobalSection(SolutionProperties) = preSolution
		HideSolutionNode = FALSE
	EndGlobalSection
	GlobalSection(ExtensibilityGlobals) = postSolution
		SolutionGuid = {883D728C-13DE-4D0A-9C64-76A4811B901E}
	EndGlobalSection
EndGlobal
